
Microsoft Visual Studio Solution File, Format Version 12.00
# Visual Studio 14
VisualStudioVersion = 14.0.24720.0
MinimumVisualStudioVersion = 10.0.40219.1
Project("{FAE04EC0-301F-11D3-BF4B-00C04F79EFBC}") = "Alvin.TrackingTodo.IOS", "Alvin.TrackingTodo.IOS\Alvin.TrackingTodo.IOS.csproj", "{C2AD021F-65C7-4415-A400-1E46D6506397}"
EndProject
Project("{FAE04EC0-301F-11D3-BF4B-00C04F79EFBC}") = "Alvin.TrackingTodo.Windows", "Alvin.TrackingTodo.Windows\Alvin.TrackingTodo.Windows.csproj", "{A1A38EFA-EE02-41CF-9E7C-F9D1CB96F89B}"
EndProject
Global
	GlobalSection(SolutionConfigurationPlatforms) = preSolution
		Debug|Any CPU = Debug|Any CPU
		Release|Any CPU = Release|Any CPU
	EndGlobalSection
	GlobalSection(ProjectConfigurationPlatforms) = postSolution
		{C2AD021F-65C7-4415-A400-1E46D6506397}.Debug|Any CPU.ActiveCfg = Debug|Any CPU
		{C2AD021F-65C7-4415-A400-1E46D6506397}.Debug|Any CPU.Build.0 = Debug|Any CPU
		{C2AD021F-65C7-4415-A400-1E46D6506397}.Release|Any CPU.ActiveCfg = Release|Any CPU
		{C2AD021F-65C7-4415-A400-1E46D6506397}.Release|Any CPU.Build.0 = Release|Any CPU
		{A1A38EFA-EE02-41CF-9E7C-F9D1CB96F89B}.Debug|Any CPU.ActiveCfg = Debug|Any CPU
		{A1A38EFA-EE02-41CF-9E7C-F9D1CB96F89B}.Debug|Any CPU.Build.0 = Debug|Any CPU
		{A1A38EFA-EE02-41CF-9E7C-F9D1CB96F89B}.Release|Any CPU.ActiveCfg = Release|Any CPU
		{A1A38EFA-EE02-41CF-9E7C-F9D1CB96F89B}.Release|Any CPU.Build.0 = Release|Any CPU
	EndGlobalSection
	GlobalSection(SolutionProperties) = preSolution
		HideSolutionNode = FALSE
	EndGlobalSection
EndGlobal
